
Microsoft Visual Studio Solution File, Format Version 12.00
# Visual Studio Version 17
VisualStudioVersion = 17.9.34616.47
MinimumVisualStudioVersion = 10.0.40219.1
Project("{8BC9CEB8-8B4A-11D0-8D11-00A0C91BC942}") = "Shapes. Number of sides", "Shapes. Number of sides\Shapes. Number of sides.vcxproj", "{FFE009A6-444E-4E55-8E5B-ADE45BCE8882}"
EndProject
Global
	GlobalSection(SolutionConfigurationPlatforms) = preSolution
		Debug|x64 = Debug|x64
		Debug|x86 = Debug|x86
		Release|x64 = Release|x64
		Release|x86 = Release|x86
	EndGlobalSection
	GlobalSection(ProjectConfigurationPlatforms) = postSolution
		{FFE009A6-444E-4E55-8E5B-ADE45BCE8882}.Debug|x64.ActiveCfg = Debug|x64
		{FFE009A6-444E-4E55-8E5B-ADE45BCE8882}.Debug|x64.Build.0 = Debug|x64
		{FFE009A6-444E-4E55-8E5B-ADE45BCE8882}.Debug|x86.ActiveCfg = Debug|Win32
		{FFE009A6-444E-4E55-8E5B-ADE45BCE8882}.Debug|x86.Build.0 = Debug|Win32
		{FFE009A6-444E-4E55-8E5B-ADE45BCE8882}.Release|x64.ActiveCfg = Release|x64
		{FFE009A6-444E-4E55-8E5B-ADE45BCE8882}.Release|x64.Build.0 = Release|x64
		{FFE009A6-444E-4E55-8E5B-ADE45BCE8882}.Release|x86.ActiveCfg = Release|Win32
		{FFE009A6-444E-4E55-8E5B-ADE45BCE8882}.Release|x86.Build.0 = Release|Win32
	EndGlobalSection
	GlobalSection(SolutionProperties) = preSolution
		HideSolutionNode = FALSE
	EndGlobalSection
	GlobalSection(ExtensibilityGlobals) = postSolution
		SolutionGuid = {4A5A03E8-F171-42F7-9671-82F5F0A6B40E}
	EndGlobalSection
EndGlobal
